
Microsoft Visual Studio Solution File, Format Version 12.00
# Visual Studio 15
VisualStudioVersion = 15.0.26730.3
MinimumVisualStudioVersion = 10.0.40219.1
Project("{FAE04EC0-301F-11D3-BF4B-00C04F79EFBC}") = "LooperApi", "LooperApi\LooperApi.csproj", "{DF8C5401-A364-44BE-9E8E-C966053DA6D1}"
EndProject
Global
	GlobalSection(SolutionConfigurationPlatforms) = preSolution
		Debug|Any CPU = Debug|Any CPU
		Release|Any CPU = Release|Any CPU
	EndGlobalSection
	GlobalSection(ProjectConfigurationPlatforms) = postSolution
		{DF8C5401-A364-44BE-9E8E-C966053DA6D1}.Debug|Any CPU.ActiveCfg = Debug|Any CPU
		{DF8C5401-A364-44BE-9E8E-C966053DA6D1}.Debug|Any CPU.Build.0 = Debug|Any CPU
		{DF8C5401-A364-44BE-9E8E-C966053DA6D1}.Release|Any CPU.ActiveCfg = Release|Any CPU
		{DF8C5401-A364-44BE-9E8E-C966053DA6D1}.Release|Any CPU.Build.0 = Release|Any CPU
	EndGlobalSection
	GlobalSection(SolutionProperties) = preSolution
		HideSolutionNode = FALSE
	EndGlobalSection
	GlobalSection(ExtensibilityGlobals) = postSolution
		SolutionGuid = {1596BC28-80BD-49A0-8DEF-60383EAB6ED0}
	EndGlobalSection
EndGlobal
